// !$*UTF8*$!
{
	archiveVersion = 1;
	classes = {
	};
	objectVersion = 50;
	objects = {

/* Begin PBXBuildFile section */
		0E06E7BD2585B7E600012CAE /* AppDelegate.swift in Sources */ = {isa = PBXBuildFile; fileRef = 0E06E7BC2585B7E600012CAE /* AppDelegate.swift */; };
		0E06E7BF2585B7E600012CAE /* SceneDelegate.swift in Sources */ = {isa = PBXBuildFile; fileRef = 0E06E7BE2585B7E600012CAE /* SceneDelegate.swift */; };
		0E06E7C12585B7E600012CAE /* ViewController.swift in Sources */ = {isa = PBXBuildFile; fileRef = 0E06E7C02585B7E600012CAE /* ViewController.swift */; };
		0E06E7C42585B7E600012CAE /* Main.storyboard in Resources */ = {isa = PBXBuildFile; fileRef = 0E06E7C22585B7E600012CAE /* Main.storyboard */; };
		0E06E7C62585B7E700012CAE /* Assets.xcassets in Resources */ = {isa = PBXBuildFile; fileRef = 0E06E7C52585B7E700012CAE /* Assets.xcassets */; };
		0E06E7C92585B7E700012CAE /* LaunchScreen.storyboard in Resources */ = {isa = PBXBuildFile; fileRef = 0E06E7C72585B7E700012CAE /* LaunchScreen.storyboard */; };
		0E06E7D32585B94B00012CAE /* GWTimeCalibrationManager.swift in Sources */ = {isa = PBXBuildFile; fileRef = 0E06E7D22585B94B00012CAE /* GWTimeCalibrationManager.swift */; };
		0E06E7D72585BA3A00012CAE /* GWGCDTimer.swift in Sources */ = {isa = PBXBuildFile; fileRef = 0E06E7D62585BA3A00012CAE /* GWGCDTimer.swift */; };
		0E06E7DA2585BA7900012CAE /* GWCountDownApi.swift in Sources */ = {isa = PBXBuildFile; fileRef = 0E06E7D92585BA7900012CAE /* GWCountDownApi.swift */; };
		45C5DEC4D5C56383C88E3885 /* Pods_GWTimeCalibration.framework in Frameworks */ = {isa = PBXBuildFile; fileRef = 584EC88266E07EBC3D20875C /* Pods_GWTimeCalibration.framework */; };
/* End PBXBuildFile section */

/* Begin PBXFileReference section */
		0E06E7B92585B7E600012CAE /* GWTimeCalibration.app */ = {isa = PBXFileReference; explicitFileType = wrapper.application; includeInIndex = 0; path = GWTimeCalibration.app; sourceTree = BUILT_PRODUCTS_DIR; };
		0E06E7BC2585B7E600012CAE /* AppDelegate.swift */ = {isa = PBXFileReference; lastKnownFileType = sourcecode.swift; path = AppDelegate.swift; sourceTree = "<group>"; };
		0E06E7BE2585B7E600012CAE /* SceneDelegate.swift */ = {isa = PBXFileReference; lastKnownFileType = sourcecode.swift; path = SceneDelegate.swift; sourceTree = "<group>"; };
		0E06E7C02585B7E600012CAE /* ViewController.swift */ = {isa = PBXFileReference; lastKnownFileType = sourcecode.swift; path = ViewController.swift; sourceTree = "<group>"; };
		0E06E7C32585B7E600012CAE /* Base */ = {isa = PBXFileReference; lastKnownFileType = file.storyboard; name = Base; path = Base.lproj/Main.storyboard; sourceTree = "<group>"; };
		0E06E7C52585B7E700012CAE /* Assets.xcassets */ = {isa = PBXFileReference; lastKnownFileType = folder.assetcatalog; path = Assets.xcassets; sourceTree = "<group>"; };
		0E06E7C82585B7E700012CAE /* Base */ = {isa = PBXFileReference; lastKnownFileType = file.storyboard; name = Base; path = Base.lproj/LaunchScreen.storyboard; sourceTree = "<group>"; };
		0E06E7CA2585B7E700012CAE /* Info.plist */ = {isa = PBXFileReference; lastKnownFileType = text.plist.xml; path = Info.plist; sourceTree = "<group>"; };
		0E06E7D22585B94B00012CAE /* GWTimeCalibrationManager.swift */ = {isa = PBXFileReference; lastKnownFileType = sourcecode.swift; path = GWTimeCalibrationManager.swift; sourceTree = "<group>"; };
		0E06E7D62585BA3A00012CAE /* GWGCDTimer.swift */ = {isa = PBXFileReference; lastKnownFileType = sourcecode.swift; path = GWGCDTimer.swift; sourceTree = "<group>"; };
		0E06E7D92585BA7900012CAE /* GWCountDownApi.swift */ = {isa = PBXFileReference; lastKnownFileType = sourcecode.swift; path = GWCountDownApi.swift; sourceTree = "<group>"; };
		23FCE2060053118FA008F7A1 /* Pods-GWTimeCalibration.release.xcconfig */ = {isa = PBXFileReference; includeInIndex = 1; lastKnownFileType = text.xcconfig; name = "Pods-GWTimeCalibration.release.xcconfig"; path = "Target Support Files/Pods-GWTimeCalibration/Pods-GWTimeCalibration.release.xcconfig"; sourceTree = "<group>"; };
		584EC88266E07EBC3D20875C /* Pods_GWTimeCalibration.framework */ = {isa = PBXFileReference; explicitFileType = wrapper.framework; includeInIndex = 0; path = Pods_GWTimeCalibration.framework; sourceTree = BUILT_PRODUCTS_DIR; };
		94A530E211EBDB825C0939C9 /* Pods-GWTimeCalibration.debug.xcconfig */ = {isa = PBXFileReference; includeInIndex = 1; lastKnownFileType = text.xcconfig; name = "Pods-GWTimeCalibration.debug.xcconfig"; path = "Target Support Files/Pods-GWTimeCalibration/Pods-GWTimeCalibration.debug.xcconfig"; sourceTree = "<group>"; };
/* End PBXFileReference section */

/* Begin PBXFrameworksBuildPhase section */
		0E06E7B62585B7E600012CAE /* Frameworks */ = {
			isa = PBXFrameworksBuildPhase;
			buildActionMask = 2147483647;
			files = (
				45C5DEC4D5C56383C88E3885 /* Pods_GWTimeCalibration.framework in Frameworks */,
			);
			runOnlyForDeploymentPostprocessing = 0;
		};
/* End PBXFrameworksBuildPhase section */

/* Begin PBXGroup section */
		0E06E7B02585B7E600012CAE = {
			isa = PBXGroup;
			children = (
				0E06E7BB2585B7E600012CAE /* GWTimeCalibration */,
				0E06E7BA2585B7E600012CAE /* Products */,
				9F9854C88E31F6D1448ED533 /* Pods */,
				54EC4F623ACA8174300D9F68 /* Frameworks */,
			);
			sourceTree = "<group>";
		};
		0E06E7BA2585B7E600012CAE /* Products */ = {
			isa = PBXGroup;
			children = (
				0E06E7B92585B7E600012CAE /* GWTimeCalibration.app */,
			);
			name = Products;
			sourceTree = "<group>";
		};
		0E06E7BB2585B7E600012CAE /* GWTimeCalibration */ = {
			isa = PBXGroup;
			children = (
				0E06E7D12585B92C00012CAE /* GWTimeCalibration */,
				0E06E7BC2585B7E600012CAE /* AppDelegate.swift */,
				0E06E7BE2585B7E600012CAE /* SceneDelegate.swift */,
				0E06E7C02585B7E600012CAE /* ViewController.swift */,
				0E06E7C22585B7E600012CAE /* Main.storyboard */,
				0E06E7C52585B7E700012CAE /* Assets.xcassets */,
				0E06E7C72585B7E700012CAE /* LaunchScreen.storyboard */,
				0E06E7CA2585B7E700012CAE /* Info.plist */,
			);
			path = GWTimeCalibration;
			sourceTree = "<group>";
		};
		0E06E7D12585B92C00012CAE /* GWTimeCalibration */ = {
			isa = PBXGroup;
			children = (
				0E06E7D22585B94B00012CAE /* GWTimeCalibrationManager.swift */,
				0E06E7D62585BA3A00012CAE /* GWGCDTimer.swift */,
				0E06E7D92585BA7900012CAE /* GWCountDownApi.swift */,
			);
			path = GWTimeCalibration;
			sourceTree = "<group>";
		};
		54EC4F623ACA8174300D9F68 /* Frameworks */ = {
			isa = PBXGroup;
			children = (
				584EC88266E07EBC3D20875C /* Pods_GWTimeCalibration.framework */,
			);
			name = Frameworks;
			sourceTree = "<group>";
		};
		9F9854C88E31F6D1448ED533 /* Pods */ = {
			isa = PBXGroup;
			children = (
				94A530E211EBDB825C0939C9 /* Pods-GWTimeCalibration.debug.xcconfig */,
				23FCE2060053118FA008F7A1 /* Pods-GWTimeCalibration.release.xcconfig */,
			);
			name = Pods;
			path = Pods;
			sourceTree = "<group>";
		};
/* End PBXGroup section */

/* Begin PBXNativeTarget section */
		0E06E7B82585B7E600012CAE /* GWTimeCalibration */ = {
			isa = PBXNativeTarget;
			buildConfigurationList = 0E06E7CD2585B7E700012CAE /* Build configuration list for PBXNativeTarget "GWTimeCalibration" */;
			buildPhases = (
				88D7E2A755704C00D00EB5E7 /* [CP] Check Pods Manifest.lock */,
				0E06E7B52585B7E600012CAE /* Sources */,
				0E06E7B62585B7E600012CAE /* Frameworks */,
				0E06E7B72585B7E600012CAE /* Resources */,
				40457E2245B3CB93BFB2EFE1 /* [CP] Embed Pods Frameworks */,
			);
			buildRules = (
			);
			dependencies = (
			);
			name = GWTimeCalibration;
			productName = GWTimeCalibration;
			productReference = 0E06E7B92585B7E600012CAE /* GWTimeCalibration.app */;
			productType = "com.apple.product-type.application";
		};
/* End PBXNativeTarget section */

/* Begin PBXProject section */
		0E06E7B12585B7E600012CAE /* Project object */ = {
			isa = PBXProject;
			attributes = {
				LastSwiftUpdateCheck = 1220;
				LastUpgradeCheck = 1220;
				TargetAttributes = {
					0E06E7B82585B7E600012CAE = {
						CreatedOnToolsVersion = 12.2;
					};
				};
			};
			buildConfigurationList = 0E06E7B42585B7E600012CAE /* Build configuration list for PBXProject "GWTimeCalibration" */;
			compatibilityVersion = "Xcode 9.3";
			developmentRegion = en;
			hasScannedForEncodings = 0;
			knownRegions = (
				en,
				Base,
			);
			mainGroup = 0E06E7B02585B7E600012CAE;
			productRefGroup = 0E06E7BA2585B7E600012CAE /* Products */;
			projectDirPath = "";
			projectRoot = "";
			targets = (
				0E06E7B82585B7E600012CAE /* GWTimeCalibration */,
			);
		};
/* End PBXProject section */

/* Begin PBXResourcesBuildPhase section */
		0E06E7B72585B7E600012CAE /* Resources */ = {
			isa = PBXResourcesBuildPhase;
			buildActionMask = 2147483647;
			files = (
				0E06E7C92585B7E700012CAE /* LaunchScreen.storyboard in Resources */,
				0E06E7C62585B7E700012CAE /* Assets.xcassets in Resources */,
				0E06E7C42585B7E600012CAE /* Main.storyboard in Resources */,
			);
			runOnlyForDeploymentPostprocessing = 0;
		};
/* End PBXResourcesBuildPhase section */

/* Begin PBXShellScriptBuildPhase section */
		40457E2245B3CB93BFB2EFE1 /* [CP] Embed Pods Frameworks */ = {
			isa = PBXShellScriptBuildPhase;
			buildActionMask = 2147483647;
			files = (
			);
			inputFileListPaths = (
				"${PODS_ROOT}/Target Support Files/Pods-GWTimeCalibration/Pods-GWTimeCalibration-frameworks-${CONFIGURATION}-input-files.xcfilelist",
			);
			name = "[CP] Embed Pods Frameworks";
			outputFileListPaths = (
				"${PODS_ROOT}/Target Support Files/Pods-GWTimeCalibration/Pods-GWTimeCalibration-frameworks-${CONFIGURATION}-output-files.xcfilelist",
			);
			runOnlyForDeploymentPostprocessing = 0;
			shellPath = /bin/sh;
			shellScript = "\"${PODS_ROOT}/Target Support Files/Pods-GWTimeCalibration/Pods-GWTimeCalibration-frameworks.sh\"\n";
			showEnvVarsInLog = 0;
		};
		88D7E2A755704C00D00EB5E7 /* [CP] Check Pods Manifest.lock */ = {
			isa = PBXShellScriptBuildPhase;
			buildActionMask = 2147483647;
			files = (
			);
			inputFileListPaths = (
			);
			inputPaths = (
				"${PODS_PODFILE_DIR_PATH}/Podfile.lock",
				"${PODS_ROOT}/Manifest.lock",
			);
			name = "[CP] Check Pods Manifest.lock";
			outputFileListPaths = (
			);
			outputPaths = (
				"$(DERIVED_FILE_DIR)/Pods-GWTimeCalibration-checkManifestLockResult.txt",
			);
			runOnlyForDeploymentPostprocessing = 0;
			shellPath = /bin/sh;
			shellScript = "diff \"${PODS_PODFILE_DIR_PATH}/Podfile.lock\" \"${PODS_ROOT}/Manifest.lock\" > /dev/null\nif [ $? != 0 ] ; then\n    # print error to STDERR\n    echo \"error: The sandbox is not in sync with the Podfile.lock. Run 'pod install' or update your CocoaPods installation.\" >&2\n    exit 1\nfi\n# This output is used by Xcode 'outputs' to avoid re-running this script phase.\necho \"SUCCESS\" > \"${SCRIPT_OUTPUT_FILE_0}\"\n";
			showEnvVarsInLog = 0;
		};
/* End PBXShellScriptBuildPhase section */

/* Begin PBXSourcesBuildPhase section */
		0E06E7B52585B7E600012CAE /* Sources */ = {
			isa = PBXSourcesBuildPhase;
			buildActionMask = 2147483647;
			files = (
				0E06E7C12585B7E600012CAE /* ViewController.swift in Sources */,
				0E06E7D32585B94B00012CAE /* GWTimeCalibrationManager.swift in Sources */,
				0E06E7D72585BA3A00012CAE /* GWGCDTimer.swift in Sources */,
				0E06E7BD2585B7E600012CAE /* AppDelegate.swift in Sources */,
				0E06E7DA2585BA7900012CAE /* GWCountDownApi.swift in Sources */,
				0E06E7BF2585B7E600012CAE /* SceneDelegate.swift in Sources */,
			);
			runOnlyForDeploymentPostprocessing = 0;
		};
/* End PBXSourcesBuildPhase section */

/* Begin PBXVariantGroup section */
		0E06E7C22585B7E600012CAE /* Main.storyboard */ = {
			isa = PBXVariantGroup;
			children = (
				0E06E7C32585B7E600012CAE /* Base */,
			);
			name = Main.storyboard;
			sourceTree = "<group>";
		};
		0E06E7C72585B7E700012CAE /* LaunchScreen.storyboard */ = {
			isa = PBXVariantGroup;
			children = (
				0E06E7C82585B7E700012CAE /* Base */,
			);
			name = LaunchScreen.storyboard;
			sourceTree = "<group>";
		};
/* End PBXVariantGroup section */

/* Begin XCBuildConfiguration section */
		0E06E7CB2585B7E700012CAE /* Debug */ = {
			isa = XCBuildConfiguration;
			buildSettings = {
				ALWAYS_SEARCH_USER_PATHS = NO;
				CLANG_ANALYZER_NONNULL = YES;
				CLANG_ANALYZER_NUMBER_OBJECT_CONVERSION = YES_AGGRESSIVE;
				CLANG_CXX_LANGUAGE_STANDARD = "gnu++14";
				CLANG_CXX_LIBRARY = "libc++";
				CLANG_ENABLE_MODULES = YES;
				CLANG_ENABLE_OBJC_ARC = YES;
				CLANG_ENABLE_OBJC_WEAK = YES;
				CLANG_WARN_BLOCK_CAPTURE_AUTORELEASING = YES;
				CLANG_WARN_BOOL_CONVERSION = YES;
				CLANG_WARN_COMMA = YES;
				CLANG_WARN_CONSTANT_CONVERSION = YES;
				CLANG_WARN_DEPRECATED_OBJC_IMPLEMENTATIONS = YES;
				CLANG_WARN_DIRECT_OBJC_ISA_USAGE = YES_ERROR;
				CLANG_WARN_DOCUMENTATION_COMMENTS = YES;
				CLANG_WARN_EMPTY_BODY = YES;
				CLANG_WARN_ENUM_CONVERSION = YES;
				CLANG_WARN_INFINITE_RECURSION = YES;
				CLANG_WARN_INT_CONVERSION = YES;
				CLANG_WARN_NON_LITERAL_NULL_CONVERSION = YES;
				CLANG_WARN_OBJC_IMPLICIT_RETAIN_SELF = YES;
				CLANG_WARN_OBJC_LITERAL_CONVERSION = YES;
				CLANG_WARN_OBJC_ROOT_CLASS = YES_ERROR;
				CLANG_WARN_QUOTED_INCLUDE_IN_FRAMEWORK_HEADER = YES;
				CLANG_WARN_RANGE_LOOP_ANALYSIS = YES;
				CLANG_WARN_STRICT_PROTOTYPES = YES;
				CLANG_WARN_SUSPICIOUS_MOVE = YES;
				CLANG_WARN_UNGUARDED_AVAILABILITY = YES_AGGRESSIVE;
				CLANG_WARN_UNREACHABLE_CODE = YES;
				CLANG_WARN__DUPLICATE_METHOD_MATCH = YES;
				COPY_PHASE_STRIP = NO;
				DEBUG_INFORMATION_FORMAT = dwarf;
				ENABLE_STRICT_OBJC_MSGSEND = YES;
				ENABLE_TESTABILITY = YES;
				GCC_C_LANGUAGE_STANDARD = gnu11;
				GCC_DYNAMIC_NO_PIC = NO;
				GCC_NO_COMMON_BLOCKS = YES;
				GCC_OPTIMIZATION_LEVEL = 0;
				GCC_PREPROCESSOR_DEFINITIONS = (
					"DEBUG=1",
					"$(inherited)",
				);
				GCC_WARN_64_TO_32_BIT_CONVERSION = YES;
				GCC_WARN_ABOUT_RETURN_TYPE = YES_ERROR;
				GCC_WARN_UNDECLARED_SELECTOR = YES;
				GCC_WARN_UNINITIALIZED_AUTOS = YES_AGGRESSIVE;
				GCC_WARN_UNUSED_FUNCTION = YES;
				GCC_WARN_UNUSED_VARIABLE = YES;
				IPHONEOS_DEPLOYMENT_TARGET = 14.2;
				MTL_ENABLE_DEBUG_INFO = INCLUDE_SOURCE;
				MTL_FAST_MATH = YES;
				ONLY_ACTIVE_ARCH = YES;
				SDKROOT = iphoneos;
				SWIFT_ACTIVE_COMPILATION_CONDITIONS = DEBUG;
				SWIFT_OPTIMIZATION_LEVEL = "-Onone";
			};
			name = Debug;
		};
		0E06E7CC2585B7E700012CAE /* Release */ = {
			isa = XCBuildConfiguration;
			buildSettings = {
				ALWAYS_SEARCH_USER_PATHS = NO;
				CLANG_ANALYZER_NONNULL = YES;
				CLANG_ANALYZER_NUMBER_OBJECT_CONVERSION = YES_AGGRESSIVE;
				CLANG_CXX_LANGUAGE_STANDARD = "gnu++14";
				CLANG_CXX_LIBRARY = "libc++";
				CLANG_ENABLE_MODULES = YES;
				CLANG_ENABLE_OBJC_ARC = YES;
				CLANG_ENABLE_OBJC_WEAK = YES;
				CLANG_WARN_BLOCK_CAPTURE_AUTORELEASING = YES;
				CLANG_WARN_BOOL_CONVERSION = YES;
				CLANG_WARN_COMMA = YES;
				CLANG_WARN_CONSTANT_CONVERSION = YES;
				CLANG_WARN_DEPRECATED_OBJC_IMPLEMENTATIONS = YES;
				CLANG_WARN_DIRECT_OBJC_ISA_USAGE = YES_ERROR;
				CLANG_WARN_DOCUMENTATION_COMMENTS = YES;
				CLANG_WARN_EMPTY_BODY = YES;
				CLANG_WARN_ENUM_CONVERSION = YES;
				CLANG_WARN_INFINITE_RECURSION = YES;
				CLANG_WARN_INT_CONVERSION = YES;
				CLANG_WARN_NON_LITERAL_NULL_CONVERSION = YES;
				CLANG_WARN_OBJC_IMPLICIT_RETAIN_SELF = YES;
				CLANG_WARN_OBJC_LITERAL_CONVERSION = YES;
				CLANG_WARN_OBJC_ROOT_CLASS = YES_ERROR;
				CLANG_WARN_QUOTED_INCLUDE_IN_FRAMEWORK_HEADER = YES;
				CLANG_WARN_RANGE_LOOP_ANALYSIS = YES;
				CLANG_WARN_STRICT_PROTOTYPES = YES;
				CLANG_WARN_SUSPICIOUS_MOVE = YES;
				CLANG_WARN_UNGUARDED_AVAILABILITY = YES_AGGRESSIVE;
				CLANG_WARN_UNREACHABLE_CODE = YES;
				CLANG_WARN__DUPLICATE_METHOD_MATCH = YES;
				COPY_PHASE_STRIP = NO;
				DEBUG_INFORMATION_FORMAT = "dwarf-with-dsym";
				ENABLE_NS_ASSERTIONS = NO;
				ENABLE_STRICT_OBJC_MSGSEND = YES;
				GCC_C_LANGUAGE_STANDARD = gnu11;
				GCC_NO_COMMON_BLOCKS = YES;
				GCC_WARN_64_TO_32_BIT_CONVERSION = YES;
				GCC_WARN_ABOUT_RETURN_TYPE = YES_ERROR;
				GCC_WARN_UNDECLARED_SELECTOR = YES;
				GCC_WARN_UNINITIALIZED_AUTOS = YES_AGGRESSIVE;
				GCC_WARN_UNUSED_FUNCTION = YES;
				GCC_WARN_UNUSED_VARIABLE = YES;
				IPHONEOS_DEPLOYMENT_TARGET = 14.2;
				MTL_ENABLE_DEBUG_INFO = NO;
				MTL_FAST_MATH = YES;
				SDKROOT = iphoneos;
				SWIFT_COMPILATION_MODE = wholemodule;
				SWIFT_OPTIMIZATION_LEVEL = "-O";
				VALIDATE_PRODUCT = YES;
			};
			name = Release;
		};
		0E06E7CE2585B7E700012CAE /* Debug */ = {
			isa = XCBuildConfiguration;
			baseConfigurationReference = 94A530E211EBDB825C0939C9 /* Pods-GWTimeCalibration.debug.xcconfig */;
			buildSettings = {
				ASSETCATALOG_COMPILER_APPICON_NAME = AppIcon;
				ASSETCATALOG_COMPILER_GLOBAL_ACCENT_COLOR_NAME = AccentColor;
				CODE_SIGN_STYLE = Automatic;
				DEVELOPMENT_TEAM = HK4D772C6B;
				INFOPLIST_FILE = GWTimeCalibration/Info.plist;
				LD_RUNPATH_SEARCH_PATHS = (
					"$(inherited)",
					"@executable_path/Frameworks",
				);
				PRODUCT_BUNDLE_IDENTIFIER = room705.GWTimeCalibration;
				PRODUCT_NAME = "$(TARGET_NAME)";
				SWIFT_VERSION = 5.0;
				TARGETED_DEVICE_FAMILY = "1,2";
			};
			name = Debug;
		};
		0E06E7CF2585B7E700012CAE /* Release */ = {
			isa = XCBuildConfiguration;
			baseConfigurationReference = 23FCE2060053118FA008F7A1 /* Pods-GWTimeCalibration.release.xcconfig */;
			buildSettings = {
				ASSETCATALOG_COMPILER_APPICON_NAME = AppIcon;
				ASSETCATALOG_COMPILER_GLOBAL_ACCENT_COLOR_NAME = AccentColor;
				CODE_SIGN_STYLE = Automatic;
				DEVELOPMENT_TEAM = HK4D772C6B;
				INFOPLIST_FILE = GWTimeCalibration/Info.plist;
				LD_RUNPATH_SEARCH_PATHS = (
					"$(inherited)",
					"@executable_path/Frameworks",
				);
				PRODUCT_BUNDLE_IDENTIFIER = room705.GWTimeCalibration;
				PRODUCT_NAME = "$(TARGET_NAME)";
				SWIFT_VERSION = 5.0;
				TARGETED_DEVICE_FAMILY = "1,2";
			};
			name = Release;
		};
/* End XCBuildConfiguration section */

/* Begin XCConfigurationList section */
		0E06E7B42585B7E600012CAE /* Build configuration list for PBXProject "GWTimeCalibration" */ = {
			isa = XCConfigurationList;
			buildConfigurations = (
				0E06E7CB2585B7E700012CAE /* Debug */,
				0E06E7CC2585B7E700012CAE /* Release */,
			);
			defaultConfigurationIsVisible = 0;
			defaultConfigurationName = Release;
		};
		0E06E7CD2585B7E700012CAE /* Build configuration list for PBXNativeTarget "GWTimeCalibration" */ = {
			isa = XCConfigurationList;
			buildConfigurations = (
				0E06E7CE2585B7E700012CAE /* Debug */,
				0E06E7CF2585B7E700012CAE /* Release */,
			);
			defaultConfigurationIsVisible = 0;
			defaultConfigurationName = Release;
		};
/* End XCConfigurationList section */
	};
	rootObject = 0E06E7B12585B7E600012CAE /* Project object */;
}
